
Microsoft Visual Studio Solution File, Format Version 12.00
# Visual Studio 2013
VisualStudioVersion = 12.0.21005.1
MinimumVisualStudioVersion = 10.0.40219.1
Project("{FAE04EC0-301F-11D3-BF4B-00C04F79EFBC}") = "HWdB", "HWdB\HWdB.csproj", "{230F8542-BCC3-4F19-B937-F7A765570EC0}"
EndProject
Project("{2150E333-8FDC-42A3-9474-1A3956D46DE8}") = ".nuget", ".nuget", "{A1860EEF-DD81-4543-BB44-1EB7249329CE}"
	ProjectSection(SolutionItems) = preProject
		.nuget\NuGet.Config = .nuget\NuGet.Config
		.nuget\NuGet.exe = .nuget\NuGet.exe
		.nuget\NuGet.targets = .nuget\NuGet.targets
	EndProjectSection
EndProject
Project("{54435603-DBB4-11D2-8724-00A0C9A8B90C}") = "LTBCalculation", "LTBCalculation\LTBCalculation.vdproj", "{8E9D19F9-5A97-498D-889A-6C29247CDC66}"
EndProject
Project("{FAE04EC0-301F-11D3-BF4B-00C04F79EFBC}") = "CreatingInstaller", "CreatingInstaller\CreatingInstaller.csproj", "{AF88ACAA-C7FB-411B-A750-DD60885E3DAC}"
EndProject
Global
	GlobalSection(SolutionConfigurationPlatforms) = preSolution
		Debug|Any CPU = Debug|Any CPU
		Debug|ARM = Debug|ARM
		Debug|Mixed Platforms = Debug|Mixed Platforms
		Debug|Win32 = Debug|Win32
		Debug|x64 = Debug|x64
		Debug|x86 = Debug|x86
		Release|Any CPU = Release|Any CPU
		Release|ARM = Release|ARM
		Release|Mixed Platforms = Release|Mixed Platforms
		Release|Win32 = Release|Win32
		Release|x64 = Release|x64
		Release|x86 = Release|x86
	EndGlobalSection
	GlobalSection(ProjectConfigurationPlatforms) = postSolution
		{230F8542-BCC3-4F19-B937-F7A765570EC0}.Debug|Any CPU.ActiveCfg = Debug|Any CPU
		{230F8542-BCC3-4F19-B937-F7A765570EC0}.Debug|Any CPU.Build.0 = Debug|Any CPU
		{230F8542-BCC3-4F19-B937-F7A765570EC0}.Debug|ARM.ActiveCfg = Debug|Any CPU
		{230F8542-BCC3-4F19-B937-F7A765570EC0}.Debug|Mixed Platforms.ActiveCfg = Debug|Any CPU
		{230F8542-BCC3-4F19-B937-F7A765570EC0}.Debug|Mixed Platforms.Build.0 = Debug|Any CPU
		{230F8542-BCC3-4F19-B937-F7A765570EC0}.Debug|Win32.ActiveCfg = Debug|Any CPU
		{230F8542-BCC3-4F19-B937-F7A765570EC0}.Debug|x64.ActiveCfg = Debug|Any CPU
		{230F8542-BCC3-4F19-B937-F7A765570EC0}.Debug|x86.ActiveCfg = Debug|Any CPU
		{230F8542-BCC3-4F19-B937-F7A765570EC0}.Release|Any CPU.ActiveCfg = Release|Any CPU
		{230F8542-BCC3-4F19-B937-F7A765570EC0}.Release|Any CPU.Build.0 = Release|Any CPU
		{230F8542-BCC3-4F19-B937-F7A765570EC0}.Release|ARM.ActiveCfg = Release|Any CPU
		{230F8542-BCC3-4F19-B937-F7A765570EC0}.Release|Mixed Platforms.ActiveCfg = Release|Any CPU
		{230F8542-BCC3-4F19-B937-F7A765570EC0}.Release|Mixed Platforms.Build.0 = Release|Any CPU
		{230F8542-BCC3-4F19-B937-F7A765570EC0}.Release|Win32.ActiveCfg = Release|Any CPU
		{230F8542-BCC3-4F19-B937-F7A765570EC0}.Release|x64.ActiveCfg = Release|Any CPU
		{230F8542-BCC3-4F19-B937-F7A765570EC0}.Release|x86.ActiveCfg = Release|Any CPU
		{8E9D19F9-5A97-498D-889A-6C29247CDC66}.Debug|Any CPU.ActiveCfg = Debug
		{8E9D19F9-5A97-498D-889A-6C29247CDC66}.Debug|ARM.ActiveCfg = Debug
		{8E9D19F9-5A97-498D-889A-6C29247CDC66}.Debug|ARM.Build.0 = Debug
		{8E9D19F9-5A97-498D-889A-6C29247CDC66}.Debug|Mixed Platforms.ActiveCfg = Debug
		{8E9D19F9-5A97-498D-889A-6C29247CDC66}.Debug|Mixed Platforms.Build.0 = Debug
		{8E9D19F9-5A97-498D-889A-6C29247CDC66}.Debug|Win32.ActiveCfg = Debug
		{8E9D19F9-5A97-498D-889A-6C29247CDC66}.Debug|Win32.Build.0 = Debug
		{8E9D19F9-5A97-498D-889A-6C29247CDC66}.Debug|x64.ActiveCfg = Debug
		{8E9D19F9-5A97-498D-889A-6C29247CDC66}.Debug|x64.Build.0 = Debug
		{8E9D19F9-5A97-498D-889A-6C29247CDC66}.Debug|x86.ActiveCfg = Debug
		{8E9D19F9-5A97-498D-889A-6C29247CDC66}.Debug|x86.Build.0 = Debug
		{8E9D19F9-5A97-498D-889A-6C29247CDC66}.Release|Any CPU.ActiveCfg = Release
		{8E9D19F9-5A97-498D-889A-6C29247CDC66}.Release|ARM.ActiveCfg = Release
		{8E9D19F9-5A97-498D-889A-6C29247CDC66}.Release|ARM.Build.0 = Release
		{8E9D19F9-5A97-498D-889A-6C29247CDC66}.Release|Mixed Platforms.ActiveCfg = Release
		{8E9D19F9-5A97-498D-889A-6C29247CDC66}.Release|Mixed Platforms.Build.0 = Release
		{8E9D19F9-5A97-498D-889A-6C29247CDC66}.Release|Win32.ActiveCfg = Release
		{8E9D19F9-5A97-498D-889A-6C29247CDC66}.Release|Win32.Build.0 = Release
		{8E9D19F9-5A97-498D-889A-6C29247CDC66}.Release|x64.ActiveCfg = Release
		{8E9D19F9-5A97-498D-889A-6C29247CDC66}.Release|x64.Build.0 = Release
		{8E9D19F9-5A97-498D-889A-6C29247CDC66}.Release|x86.ActiveCfg = Release
		{8E9D19F9-5A97-498D-889A-6C29247CDC66}.Release|x86.Build.0 = Release
		{AF88ACAA-C7FB-411B-A750-DD60885E3DAC}.Debug|Any CPU.ActiveCfg = Debug|x86
		{AF88ACAA-C7FB-411B-A750-DD60885E3DAC}.Debug|ARM.ActiveCfg = Debug|x86
		{AF88ACAA-C7FB-411B-A750-DD60885E3DAC}.Debug|Mixed Platforms.ActiveCfg = Debug|x86
		{AF88ACAA-C7FB-411B-A750-DD60885E3DAC}.Debug|Mixed Platforms.Build.0 = Debug|x86
		{AF88ACAA-C7FB-411B-A750-DD60885E3DAC}.Debug|Win32.ActiveCfg = Debug|x86
		{AF88ACAA-C7FB-411B-A750-DD60885E3DAC}.Debug|Win32.Build.0 = Debug|x86
		{AF88ACAA-C7FB-411B-A750-DD60885E3DAC}.Debug|x64.ActiveCfg = Debug|x86
		{AF88ACAA-C7FB-411B-A750-DD60885E3DAC}.Debug|x86.ActiveCfg = Debug|x86
		{AF88ACAA-C7FB-411B-A750-DD60885E3DAC}.Debug|x86.Build.0 = Debug|x86
		{AF88ACAA-C7FB-411B-A750-DD60885E3DAC}.Release|Any CPU.ActiveCfg = Release|x86
		{AF88ACAA-C7FB-411B-A750-DD60885E3DAC}.Release|ARM.ActiveCfg = Release|x86
		{AF88ACAA-C7FB-411B-A750-DD60885E3DAC}.Release|Mixed Platforms.ActiveCfg = Release|x86
		{AF88ACAA-C7FB-411B-A750-DD60885E3DAC}.Release|Mixed Platforms.Build.0 = Release|x86
		{AF88ACAA-C7FB-411B-A750-DD60885E3DAC}.Release|Win32.ActiveCfg = Release|x86
		{AF88ACAA-C7FB-411B-A750-DD60885E3DAC}.Release|Win32.Build.0 = Release|x86
		{AF88ACAA-C7FB-411B-A750-DD60885E3DAC}.Release|x64.ActiveCfg = Release|x86
		{AF88ACAA-C7FB-411B-A750-DD60885E3DAC}.Release|x86.ActiveCfg = Release|x86
		{AF88ACAA-C7FB-411B-A750-DD60885E3DAC}.Release|x86.Build.0 = Release|x86
	EndGlobalSection
	GlobalSection(SolutionProperties) = preSolution
		HideSolutionNode = FALSE
	EndGlobalSection
EndGlobal
